// !$*UTF8*$!
{
	archiveVersion = 1;
	classes = {
	};
	objectVersion = 46;
	objects = {

/* Begin PBXBuildFile section */
		7B64E21B19641ED100CDD6AB /* Foundation.framework in Frameworks */ = {isa = PBXBuildFile; fileRef = 7B64E21A19641ED100CDD6AB /* Foundation.framework */; };
		7B64E21D19641ED100CDD6AB /* CoreGraphics.framework in Frameworks */ = {isa = PBXBuildFile; fileRef = 7B64E21C19641ED100CDD6AB /* CoreGraphics.framework */; };
		7B64E21F19641ED100CDD6AB /* UIKit.framework in Frameworks */ = {isa = PBXBuildFile; fileRef = 7B64E21E19641ED100CDD6AB /* UIKit.framework */; };
		7B64E22519641ED100CDD6AB /* InfoPlist.strings in Resources */ = {isa = PBXBuildFile; fileRef = 7B64E22319641ED100CDD6AB /* InfoPlist.strings */; };
		7B64E22719641ED100CDD6AB /* main.m in Sources */ = {isa = PBXBuildFile; fileRef = 7B64E22619641ED100CDD6AB /* main.m */; };
		7B64E22B19641ED100CDD6AB /* WebProxyAppDelegate.m in Sources */ = {isa = PBXBuildFile; fileRef = 7B64E22A19641ED100CDD6AB /* WebProxyAppDelegate.m */; };
		7B64E22E19641ED100CDD6AB /* Main_iPhone.storyboard in Resources */ = {isa = PBXBuildFile; fileRef = 7B64E22C19641ED100CDD6AB /* Main_iPhone.storyboard */; };
		7B64E23119641ED100CDD6AB /* Main_iPad.storyboard in Resources */ = {isa = PBXBuildFile; fileRef = 7B64E22F19641ED100CDD6AB /* Main_iPad.storyboard */; };
		7B64E23419641ED100CDD6AB /* WebProxyViewController.m in Sources */ = {isa = PBXBuildFile; fileRef = 7B64E23319641ED100CDD6AB /* WebProxyViewController.m */; };
		7B64E23619641ED100CDD6AB /* Images.xcassets in Resources */ = {isa = PBXBuildFile; fileRef = 7B64E23519641ED100CDD6AB /* Images.xcassets */; };
		7B64E23D19641ED100CDD6AB /* XCTest.framework in Frameworks */ = {isa = PBXBuildFile; fileRef = 7B64E23C19641ED100CDD6AB /* XCTest.framework */; };
		7B64E23E19641ED100CDD6AB /* Foundation.framework in Frameworks */ = {isa = PBXBuildFile; fileRef = 7B64E21A19641ED100CDD6AB /* Foundation.framework */; };
		7B64E23F19641ED100CDD6AB /* UIKit.framework in Frameworks */ = {isa = PBXBuildFile; fileRef = 7B64E21E19641ED100CDD6AB /* UIKit.framework */; };
		7B64E24719641ED100CDD6AB /* InfoPlist.strings in Resources */ = {isa = PBXBuildFile; fileRef = 7B64E24519641ED100CDD6AB /* InfoPlist.strings */; };
		7B64E24919641ED100CDD6AB /* WebProxyTests.m in Sources */ = {isa = PBXBuildFile; fileRef = 7B64E24819641ED100CDD6AB /* WebProxyTests.m */; };
/* End PBXBuildFile section */

/* Begin PBXContainerItemProxy section */
		7B64E24019641ED100CDD6AB /* PBXContainerItemProxy */ = {
			isa = PBXContainerItemProxy;
			containerPortal = 7B64E20F19641ED100CDD6AB /* Project object */;
			proxyType = 1;
			remoteGlobalIDString = 7B64E21619641ED100CDD6AB;
			remoteInfo = WebProxy;
		};
/* End PBXContainerItemProxy section */

/* Begin PBXFileReference section */
		7B64E21719641ED100CDD6AB /* WebProxy.app */ = {isa = PBXFileReference; explicitFileType = wrapper.application; includeInIndex = 0; path = WebProxy.app; sourceTree = BUILT_PRODUCTS_DIR; };
		7B64E21A19641ED100CDD6AB /* Foundation.framework */ = {isa = PBXFileReference; lastKnownFileType = wrapper.framework; name = Foundation.framework; path = System/Library/Frameworks/Foundation.framework; sourceTree = SDKROOT; };
		7B64E21C19641ED100CDD6AB /* CoreGraphics.framework */ = {isa = PBXFileReference; lastKnownFileType = wrapper.framework; name = CoreGraphics.framework; path = System/Library/Frameworks/CoreGraphics.framework; sourceTree = SDKROOT; };
		7B64E21E19641ED100CDD6AB /* UIKit.framework */ = {isa = PBXFileReference; lastKnownFileType = wrapper.framework; name = UIKit.framework; path = System/Library/Frameworks/UIKit.framework; sourceTree = SDKROOT; };
		7B64E22219641ED100CDD6AB /* WebProxy-Info.plist */ = {isa = PBXFileReference; lastKnownFileType = text.plist.xml; path = "WebProxy-Info.plist"; sourceTree = "<group>"; };
		7B64E22419641ED100CDD6AB /* en */ = {isa = PBXFileReference; lastKnownFileType = text.plist.strings; name = en; path = en.lproj/InfoPlist.strings; sourceTree = "<group>"; };
		7B64E22619641ED100CDD6AB /* main.m */ = {isa = PBXFileReference; lastKnownFileType = sourcecode.c.objc; path = main.m; sourceTree = "<group>"; };
		7B64E22819641ED100CDD6AB /* WebProxy-Prefix.pch */ = {isa = PBXFileReference; lastKnownFileType = sourcecode.c.h; path = "WebProxy-Prefix.pch"; sourceTree = "<group>"; };
		7B64E22919641ED100CDD6AB /* WebProxyAppDelegate.h */ = {isa = PBXFileReference; lastKnownFileType = sourcecode.c.h; path = WebProxyAppDelegate.h; sourceTree = "<group>"; };
		7B64E22A19641ED100CDD6AB /* WebProxyAppDelegate.m */ = {isa = PBXFileReference; lastKnownFileType = sourcecode.c.objc; path = WebProxyAppDelegate.m; sourceTree = "<group>"; };
		7B64E22D19641ED100CDD6AB /* Base */ = {isa = PBXFileReference; lastKnownFileType = file.storyboard; name = Base; path = Base.lproj/Main_iPhone.storyboard; sourceTree = "<group>"; };
		7B64E23019641ED100CDD6AB /* Base */ = {isa = PBXFileReference; lastKnownFileType = file.storyboard; name = Base; path = Base.lproj/Main_iPad.storyboard; sourceTree = "<group>"; };
		7B64E23219641ED100CDD6AB /* WebProxyViewController.h */ = {isa = PBXFileReference; lastKnownFileType = sourcecode.c.h; path = WebProxyViewController.h; sourceTree = "<group>"; };
		7B64E23319641ED100CDD6AB /* WebProxyViewController.m */ = {isa = PBXFileReference; lastKnownFileType = sourcecode.c.objc; path = WebProxyViewController.m; sourceTree = "<group>"; };
		7B64E23519641ED100CDD6AB /* Images.xcassets */ = {isa = PBXFileReference; lastKnownFileType = folder.assetcatalog; path = Images.xcassets; sourceTree = "<group>"; };
		7B64E23B19641ED100CDD6AB /* WebProxyTests.xctest */ = {isa = PBXFileReference; explicitFileType = wrapper.cfbundle; includeInIndex = 0; path = WebProxyTests.xctest; sourceTree = BUILT_PRODUCTS_DIR; };
		7B64E23C19641ED100CDD6AB /* XCTest.framework */ = {isa = PBXFileReference; lastKnownFileType = wrapper.framework; name = XCTest.framework; path = Library/Frameworks/XCTest.framework; sourceTree = DEVELOPER_DIR; };
		7B64E24419641ED100CDD6AB /* WebProxyTests-Info.plist */ = {isa = PBXFileReference; lastKnownFileType = text.plist.xml; path = "WebProxyTests-Info.plist"; sourceTree = "<group>"; };
		7B64E24619641ED100CDD6AB /* en */ = {isa = PBXFileReference; lastKnownFileType = text.plist.strings; name = en; path = en.lproj/InfoPlist.strings; sourceTree = "<group>"; };
		7B64E24819641ED100CDD6AB /* WebProxyTests.m */ = {isa = PBXFileReference; lastKnownFileType = sourcecode.c.objc; path = WebProxyTests.m; sourceTree = "<group>"; };
/* End PBXFileReference section */

/* Begin PBXFrameworksBuildPhase section */
		7B64E21419641ED100CDD6AB /* Frameworks */ = {
			isa = PBXFrameworksBuildPhase;
			buildActionMask = 2147483647;
			files = (
				7B64E21D19641ED100CDD6AB /* CoreGraphics.framework in Frameworks */,
				7B64E21F19641ED100CDD6AB /* UIKit.framework in Frameworks */,
				7B64E21B19641ED100CDD6AB /* Foundation.framework in Frameworks */,
			);
			runOnlyForDeploymentPostprocessing = 0;
		};
		7B64E23819641ED100CDD6AB /* Frameworks */ = {
			isa = PBXFrameworksBuildPhase;
			buildActionMask = 2147483647;
			files = (
				7B64E23D19641ED100CDD6AB /* XCTest.framework in Frameworks */,
				7B64E23F19641ED100CDD6AB /* UIKit.framework in Frameworks */,
				7B64E23E19641ED100CDD6AB /* Foundation.framework in Frameworks */,
			);
			runOnlyForDeploymentPostprocessing = 0;
		};
/* End PBXFrameworksBuildPhase section */

/* Begin PBXGroup section */
		7B64E20E19641ED100CDD6AB = {
			isa = PBXGroup;
			children = (
				7B64E22019641ED100CDD6AB /* WebProxy */,
				7B64E24219641ED100CDD6AB /* WebProxyTests */,
				7B64E21919641ED100CDD6AB /* Frameworks */,
				7B64E21819641ED100CDD6AB /* Products */,
			);
			sourceTree = "<group>";
		};
		7B64E21819641ED100CDD6AB /* Products */ = {
			isa = PBXGroup;
			children = (
				7B64E21719641ED100CDD6AB /* WebProxy.app */,
				7B64E23B19641ED100CDD6AB /* WebProxyTests.xctest */,
			);
			name = Products;
			sourceTree = "<group>";
		};
		7B64E21919641ED100CDD6AB /* Frameworks */ = {
			isa = PBXGroup;
			children = (
				7B64E21A19641ED100CDD6AB /* Foundation.framework */,
				7B64E21C19641ED100CDD6AB /* CoreGraphics.framework */,
				7B64E21E19641ED100CDD6AB /* UIKit.framework */,
				7B64E23C19641ED100CDD6AB /* XCTest.framework */,
			);
			name = Frameworks;
			sourceTree = "<group>";
		};
		7B64E22019641ED100CDD6AB /* WebProxy */ = {
			isa = PBXGroup;
			children = (
				7B64E22919641ED100CDD6AB /* WebProxyAppDelegate.h */,
				7B64E22A19641ED100CDD6AB /* WebProxyAppDelegate.m */,
				7B64E22C19641ED100CDD6AB /* Main_iPhone.storyboard */,
				7B64E22F19641ED100CDD6AB /* Main_iPad.storyboard */,
				7B64E23219641ED100CDD6AB /* WebProxyViewController.h */,
				7B64E23319641ED100CDD6AB /* WebProxyViewController.m */,
				7B64E23519641ED100CDD6AB /* Images.xcassets */,
				7B64E22119641ED100CDD6AB /* Supporting Files */,
			);
			path = WebProxy;
			sourceTree = "<group>";
		};
		7B64E22119641ED100CDD6AB /* Supporting Files */ = {
			isa = PBXGroup;
			children = (
				7B64E22219641ED100CDD6AB /* WebProxy-Info.plist */,
				7B64E22319641ED100CDD6AB /* InfoPlist.strings */,
				7B64E22619641ED100CDD6AB /* main.m */,
				7B64E22819641ED100CDD6AB /* WebProxy-Prefix.pch */,
			);
			name = "Supporting Files";
			sourceTree = "<group>";
		};
		7B64E24219641ED100CDD6AB /* WebProxyTests */ = {
			isa = PBXGroup;
			children = (
				7B64E24819641ED100CDD6AB /* WebProxyTests.m */,
				7B64E24319641ED100CDD6AB /* Supporting Files */,
			);
			path = WebProxyTests;
			sourceTree = "<group>";
		};
		7B64E24319641ED100CDD6AB /* Supporting Files */ = {
			isa = PBXGroup;
			children = (
				7B64E24419641ED100CDD6AB /* WebProxyTests-Info.plist */,
				7B64E24519641ED100CDD6AB /* InfoPlist.strings */,
			);
			name = "Supporting Files";
			sourceTree = "<group>";
		};
/* End PBXGroup section */

/* Begin PBXNativeTarget section */
		7B64E21619641ED100CDD6AB /* WebProxy */ = {
			isa = PBXNativeTarget;
			buildConfigurationList = 7B64E24C19641ED100CDD6AB /* Build configuration list for PBXNativeTarget "WebProxy" */;
			buildPhases = (
				7B64E21319641ED100CDD6AB /* Sources */,
				7B64E21419641ED100CDD6AB /* Frameworks */,
				7B64E21519641ED100CDD6AB /* Resources */,
			);
			buildRules = (
			);
			dependencies = (
			);
			name = WebProxy;
			productName = WebProxy;
			productReference = 7B64E21719641ED100CDD6AB /* WebProxy.app */;
			productType = "com.apple.product-type.application";
		};
		7B64E23A19641ED100CDD6AB /* WebProxyTests */ = {
			isa = PBXNativeTarget;
			buildConfigurationList = 7B64E24F19641ED100CDD6AB /* Build configuration list for PBXNativeTarget "WebProxyTests" */;
			buildPhases = (
				7B64E23719641ED100CDD6AB /* Sources */,
				7B64E23819641ED100CDD6AB /* Frameworks */,
				7B64E23919641ED100CDD6AB /* Resources */,
			);
			buildRules = (
			);
			dependencies = (
				7B64E24119641ED100CDD6AB /* PBXTargetDependency */,
			);
			name = WebProxyTests;
			productName = WebProxyTests;
			productReference = 7B64E23B19641ED100CDD6AB /* WebProxyTests.xctest */;
			productType = "com.apple.product-type.bundle.unit-test";
		};
/* End PBXNativeTarget section */

/* Begin PBXProject section */
		7B64E20F19641ED100CDD6AB /* Project object */ = {
			isa = PBXProject;
			attributes = {
				CLASSPREFIX = WebProxy;
				LastUpgradeCheck = 0510;
				ORGANIZATIONNAME = nuttt;
				TargetAttributes = {
					7B64E23A19641ED100CDD6AB = {
						TestTargetID = 7B64E21619641ED100CDD6AB;
					};
				};
			};
			buildConfigurationList = 7B64E21219641ED100CDD6AB /* Build configuration list for PBXProject "WebProxy" */;
			compatibilityVersion = "Xcode 3.2";
			developmentRegion = English;
			hasScannedForEncodings = 0;
			knownRegions = (
				en,
				Base,
			);
			mainGroup = 7B64E20E19641ED100CDD6AB;
			productRefGroup = 7B64E21819641ED100CDD6AB /* Products */;
			projectDirPath = "";
			projectRoot = "";
			targets = (
				7B64E21619641ED100CDD6AB /* WebProxy */,
				7B64E23A19641ED100CDD6AB /* WebProxyTests */,
			);
		};
/* End PBXProject section */

/* Begin PBXResourcesBuildPhase section */
		7B64E21519641ED100CDD6AB /* Resources */ = {
			isa = PBXResourcesBuildPhase;
			buildActionMask = 2147483647;
			files = (
				7B64E23119641ED100CDD6AB /* Main_iPad.storyboard in Resources */,
				7B64E23619641ED100CDD6AB /* Images.xcassets in Resources */,
				7B64E22E19641ED100CDD6AB /* Main_iPhone.storyboard in Resources */,
				7B64E22519641ED100CDD6AB /* InfoPlist.strings in Resources */,
			);
			runOnlyForDeploymentPostprocessing = 0;
		};
		7B64E23919641ED100CDD6AB /* Resources */ = {
			isa = PBXResourcesBuildPhase;
			buildActionMask = 2147483647;
			files = (
				7B64E24719641ED100CDD6AB /* InfoPlist.strings in Resources */,
			);
			runOnlyForDeploymentPostprocessing = 0;
		};
/* End PBXResourcesBuildPhase section */

/* Begin PBXSourcesBuildPhase section */
		7B64E21319641ED100CDD6AB /* Sources */ = {
			isa = PBXSourcesBuildPhase;
			buildActionMask = 2147483647;
			files = (
				7B64E23419641ED100CDD6AB /* WebProxyViewController.m in Sources */,
				7B64E22B19641ED100CDD6AB /* WebProxyAppDelegate.m in Sources */,
				7B64E22719641ED100CDD6AB /* main.m in Sources */,
			);
			runOnlyForDeploymentPostprocessing = 0;
		};
		7B64E23719641ED100CDD6AB /* Sources */ = {
			isa = PBXSourcesBuildPhase;
			buildActionMask = 2147483647;
			files = (
				7B64E24919641ED100CDD6AB /* WebProxyTests.m in Sources */,
			);
			runOnlyForDeploymentPostprocessing = 0;
		};
/* End PBXSourcesBuildPhase section */

/* Begin PBXTargetDependency section */
		7B64E24119641ED100CDD6AB /* PBXTargetDependency */ = {
			isa = PBXTargetDependency;
			target = 7B64E21619641ED100CDD6AB /* WebProxy */;
			targetProxy = 7B64E24019641ED100CDD6AB /* PBXContainerItemProxy */;
		};
/* End PBXTargetDependency section */

/* Begin PBXVariantGroup section */
		7B64E22319641ED100CDD6AB /* InfoPlist.strings */ = {
			isa = PBXVariantGroup;
			children = (
				7B64E22419641ED100CDD6AB /* en */,
			);
			name = InfoPlist.strings;
			sourceTree = "<group>";
		};
		7B64E22C19641ED100CDD6AB /* Main_iPhone.storyboard */ = {
			isa = PBXVariantGroup;
			children = (
				7B64E22D19641ED100CDD6AB /* Base */,
			);
			name = Main_iPhone.storyboard;
			sourceTree = "<group>";
		};
		7B64E22F19641ED100CDD6AB /* Main_iPad.storyboard */ = {
			isa = PBXVariantGroup;
			children = (
				7B64E23019641ED100CDD6AB /* Base */,
			);
			name = Main_iPad.storyboard;
			sourceTree = "<group>";
		};
		7B64E24519641ED100CDD6AB /* InfoPlist.strings */ = {
			isa = PBXVariantGroup;
			children = (
				7B64E24619641ED100CDD6AB /* en */,
			);
			name = InfoPlist.strings;
			sourceTree = "<group>";
		};
/* End PBXVariantGroup section */

/* Begin XCBuildConfiguration section */
		7B64E24A19641ED100CDD6AB /* Debug */ = {
			isa = XCBuildConfiguration;
			buildSettings = {
				ALWAYS_SEARCH_USER_PATHS = NO;
				CLANG_CXX_LANGUAGE_STANDARD = "gnu++0x";
				CLANG_CXX_LIBRARY = "libc++";
				CLANG_ENABLE_MODULES = YES;
				CLANG_ENABLE_OBJC_ARC = YES;
				CLANG_WARN_BOOL_CONVERSION = YES;
				CLANG_WARN_CONSTANT_CONVERSION = YES;
				CLANG_WARN_DIRECT_OBJC_ISA_USAGE = YES_ERROR;
				CLANG_WARN_EMPTY_BODY = YES;
				CLANG_WARN_ENUM_CONVERSION = YES;
				CLANG_WARN_INT_CONVERSION = YES;
				CLANG_WARN_OBJC_ROOT_CLASS = YES_ERROR;
				CLANG_WARN__DUPLICATE_METHOD_MATCH = YES;
				"CODE_SIGN_IDENTITY[sdk=iphoneos*]" = "iPhone Developer";
				COPY_PHASE_STRIP = NO;
				GCC_C_LANGUAGE_STANDARD = gnu99;
				GCC_DYNAMIC_NO_PIC = NO;
				GCC_OPTIMIZATION_LEVEL = 0;
				GCC_PREPROCESSOR_DEFINITIONS = (
					"DEBUG=1",
					"$(inherited)",
				);
				GCC_SYMBOLS_PRIVATE_EXTERN = NO;
				GCC_WARN_64_TO_32_BIT_CONVERSION = YES;
				GCC_WARN_ABOUT_RETURN_TYPE = YES_ERROR;
				GCC_WARN_UNDECLARED_SELECTOR = YES;
				GCC_WARN_UNINITIALIZED_AUTOS = YES_AGGRESSIVE;
				GCC_WARN_UNUSED_FUNCTION = YES;
				GCC_WARN_UNUSED_VARIABLE = YES;
				IPHONEOS_DEPLOYMENT_TARGET = 7.1;
				ONLY_ACTIVE_ARCH = YES;
				SDKROOT = iphoneos;
				TARGETED_DEVICE_FAMILY = "1,2";
			};
			name = Debug;
		};
		7B64E24B19641ED100CDD6AB /* Release */ = {
			isa = XCBuildConfiguration;
			buildSettings = {
				ALWAYS_SEARCH_USER_PATHS = NO;
				CLANG_CXX_LANGUAGE_STANDARD = "gnu++0x";
				CLANG_CXX_LIBRARY = "libc++";
				CLANG_ENABLE_MODULES = YES;
				CLANG_ENABLE_OBJC_ARC = YES;
				CLANG_WARN_BOOL_CONVERSION = YES;
				CLANG_WARN_CONSTANT_CONVERSION = YES;
				CLANG_WARN_DIRECT_OBJC_ISA_USAGE = YES_ERROR;
				CLANG_WARN_EMPTY_BODY = YES;
				CLANG_WARN_ENUM_CONVERSION = YES;
				CLANG_WARN_INT_CONVERSION = YES;
				CLANG_WARN_OBJC_ROOT_CLASS = YES_ERROR;
				CLANG_WARN__DUPLICATE_METHOD_MATCH = YES;
				"CODE_SIGN_IDENTITY[sdk=iphoneos*]" = "iPhone Developer";
				COPY_PHASE_STRIP = YES;
				ENABLE_NS_ASSERTIONS = NO;
				GCC_C_LANGUAGE_STANDARD = gnu99;
				GCC_WARN_64_TO_32_BIT_CONVERSION = YES;
				GCC_WARN_ABOUT_RETURN_TYPE = YES_ERROR;
				GCC_WARN_UNDECLARED_SELECTOR = YES;
				GCC_WARN_UNINITIALIZED_AUTOS = YES_AGGRESSIVE;
				GCC_WARN_UNUSED_FUNCTION = YES;
				GCC_WARN_UNUSED_VARIABLE = YES;
				IPHONEOS_DEPLOYMENT_TARGET = 7.1;
				SDKROOT = iphoneos;
				TARGETED_DEVICE_FAMILY = "1,2";
				VALIDATE_PRODUCT = YES;
			};
			name = Release;
		};
		7B64E24D19641ED100CDD6AB /* Debug */ = {
			isa = XCBuildConfiguration;
			buildSettings = {
				ASSETCATALOG_COMPILER_APPICON_NAME = AppIcon;
				ASSETCATALOG_COMPILER_LAUNCHIMAGE_NAME = LaunchImage;
				GCC_PRECOMPILE_PREFIX_HEADER = YES;
				GCC_PREFIX_HEADER = "WebProxy/WebProxy-Prefix.pch";
				INFOPLIST_FILE = "WebProxy/WebProxy-Info.plist";
				PRODUCT_NAME = "$(TARGET_NAME)";
				WRAPPER_EXTENSION = app;
			};
			name = Debug;
		};
		7B64E24E19641ED100CDD6AB /* Release */ = {
			isa = XCBuildConfiguration;
			buildSettings = {
				ASSETCATALOG_COMPILER_APPICON_NAME = AppIcon;
				ASSETCATALOG_COMPILER_LAUNCHIMAGE_NAME = LaunchImage;
				GCC_PRECOMPILE_PREFIX_HEADER = YES;
				GCC_PREFIX_HEADER = "WebProxy/WebProxy-Prefix.pch";
				INFOPLIST_FILE = "WebProxy/WebProxy-Info.plist";
				PRODUCT_NAME = "$(TARGET_NAME)";
				WRAPPER_EXTENSION = app;
			};
			name = Release;
		};
		7B64E25019641ED100CDD6AB /* Debug */ = {
			isa = XCBuildConfiguration;
			buildSettings = {
				BUNDLE_LOADER = "$(BUILT_PRODUCTS_DIR)/WebProxy.app/WebProxy";
				FRAMEWORK_SEARCH_PATHS = (
					"$(SDKROOT)/Developer/Library/Frameworks",
					"$(inherited)",
					"$(DEVELOPER_FRAMEWORKS_DIR)",
				);
				GCC_PRECOMPILE_PREFIX_HEADER = YES;
				GCC_PREFIX_HEADER = "WebProxy/WebProxy-Prefix.pch";
				GCC_PREPROCESSOR_DEFINITIONS = (
					"DEBUG=1",
					"$(inherited)",
				);
				INFOPLIST_FILE = "WebProxyTests/WebProxyTests-Info.plist";
				PRODUCT_NAME = "$(TARGET_NAME)";
				TEST_HOST = "$(BUNDLE_LOADER)";
				WRAPPER_EXTENSION = xctest;
			};
			name = Debug;
		};
		7B64E25119641ED100CDD6AB /* Release */ = {
			isa = XCBuildConfiguration;
			buildSettings = {
				BUNDLE_LOADER = "$(BUILT_PRODUCTS_DIR)/WebProxy.app/WebProxy";
				FRAMEWORK_SEARCH_PATHS = (
					"$(SDKROOT)/Developer/Library/Frameworks",
					"$(inherited)",
					"$(DEVELOPER_FRAMEWORKS_DIR)",
				);
				GCC_PRECOMPILE_PREFIX_HEADER = YES;
				GCC_PREFIX_HEADER = "WebProxy/WebProxy-Prefix.pch";
				INFOPLIST_FILE = "WebProxyTests/WebProxyTests-Info.plist";
				PRODUCT_NAME = "$(TARGET_NAME)";
				TEST_HOST = "$(BUNDLE_LOADER)";
				WRAPPER_EXTENSION = xctest;
			};
			name = Release;
		};
/* End XCBuildConfiguration section */

/* Begin XCConfigurationList section */
		7B64E21219641ED100CDD6AB /* Build configuration list for PBXProject "WebProxy" */ = {
			isa = XCConfigurationList;
			buildConfigurations = (
				7B64E24A19641ED100CDD6AB /* Debug */,
				7B64E24B19641ED100CDD6AB /* Release */,
			);
			defaultConfigurationIsVisible = 0;
			defaultConfigurationName = Release;
		};
		7B64E24C19641ED100CDD6AB /* Build configuration list for PBXNativeTarget "WebProxy" */ = {
			isa = XCConfigurationList;
			buildConfigurations = (
				7B64E24D19641ED100CDD6AB /* Debug */,
				7B64E24E19641ED100CDD6AB /* Release */,
			);
			defaultConfigurationIsVisible = 0;
		};
		7B64E24F19641ED100CDD6AB /* Build configuration list for PBXNativeTarget "WebProxyTests" */ = {
			isa = XCConfigurationList;
			buildConfigurations = (
				7B64E25019641ED100CDD6AB /* Debug */,
				7B64E25119641ED100CDD6AB /* Release */,
			);
			defaultConfigurationIsVisible = 0;
		};
/* End XCConfigurationList section */
	};
	rootObject = 7B64E20F19641ED100CDD6AB /* Project object */;
}
